// !$*UTF8*$!
{
	archiveVersion = 1;
	classes = {
	};
	objectVersion = 50;
	objects = {

/* Begin PBXBuildFile section */
		CB44BB42219E5A000087FD8E /* AppDelegate.swift in Sources */ = {isa = PBXBuildFile; fileRef = CB44BB41219E5A000087FD8E /* AppDelegate.swift */; };
		CB44BB44219E5A000087FD8E /* art.scnassets in Resources */ = {isa = PBXBuildFile; fileRef = CB44BB43219E5A000087FD8E /* art.scnassets */; };
		CB44BB46219E5A000087FD8E /* ViewController.swift in Sources */ = {isa = PBXBuildFile; fileRef = CB44BB45219E5A000087FD8E /* ViewController.swift */; };
		CB44BB49219E5A000087FD8E /* Main.storyboard in Resources */ = {isa = PBXBuildFile; fileRef = CB44BB47219E5A000087FD8E /* Main.storyboard */; };
		CB44BB4B219E5A020087FD8E /* Assets.xcassets in Resources */ = {isa = PBXBuildFile; fileRef = CB44BB4A219E5A020087FD8E /* Assets.xcassets */; };
		CB44BB4E219E5A020087FD8E /* LaunchScreen.storyboard in Resources */ = {isa = PBXBuildFile; fileRef = CB44BB4C219E5A020087FD8E /* LaunchScreen.storyboard */; };
		CB44BB56219E60810087FD8E /* ViewController+ARSCNViewDelegate.swift in Sources */ = {isa = PBXBuildFile; fileRef = CB44BB55219E60810087FD8E /* ViewController+ARSCNViewDelegate.swift */; };
		CB44BB58219E66140087FD8E /* FocusSquare.swift in Sources */ = {isa = PBXBuildFile; fileRef = CB44BB57219E66140087FD8E /* FocusSquare.swift */; };
/* End PBXBuildFile section */

/* Begin PBXFileReference section */
		CB44BB3E219E5A000087FD8E /* AvenueCodeDemo01.app */ = {isa = PBXFileReference; explicitFileType = wrapper.application; includeInIndex = 0; path = AvenueCodeDemo01.app; sourceTree = BUILT_PRODUCTS_DIR; };
		CB44BB41219E5A000087FD8E /* AppDelegate.swift */ = {isa = PBXFileReference; lastKnownFileType = sourcecode.swift; path = AppDelegate.swift; sourceTree = "<group>"; };
		CB44BB43219E5A000087FD8E /* art.scnassets */ = {isa = PBXFileReference; lastKnownFileType = wrapper.scnassets; path = art.scnassets; sourceTree = "<group>"; };
		CB44BB45219E5A000087FD8E /* ViewController.swift */ = {isa = PBXFileReference; lastKnownFileType = sourcecode.swift; path = ViewController.swift; sourceTree = "<group>"; };
		CB44BB48219E5A000087FD8E /* Base */ = {isa = PBXFileReference; lastKnownFileType = file.storyboard; name = Base; path = Base.lproj/Main.storyboard; sourceTree = "<group>"; };
		CB44BB4A219E5A020087FD8E /* Assets.xcassets */ = {isa = PBXFileReference; lastKnownFileType = folder.assetcatalog; path = Assets.xcassets; sourceTree = "<group>"; };
		CB44BB4D219E5A020087FD8E /* Base */ = {isa = PBXFileReference; lastKnownFileType = file.storyboard; name = Base; path = Base.lproj/LaunchScreen.storyboard; sourceTree = "<group>"; };
		CB44BB4F219E5A020087FD8E /* Info.plist */ = {isa = PBXFileReference; lastKnownFileType = text.plist.xml; path = Info.plist; sourceTree = "<group>"; };
		CB44BB55219E60810087FD8E /* ViewController+ARSCNViewDelegate.swift */ = {isa = PBXFileReference; lastKnownFileType = sourcecode.swift; path = "ViewController+ARSCNViewDelegate.swift"; sourceTree = "<group>"; };
		CB44BB57219E66140087FD8E /* FocusSquare.swift */ = {isa = PBXFileReference; lastKnownFileType = sourcecode.swift; path = FocusSquare.swift; sourceTree = "<group>"; };
/* End PBXFileReference section */

/* Begin PBXFrameworksBuildPhase section */
		CB44BB3B219E5A000087FD8E /* Frameworks */ = {
			isa = PBXFrameworksBuildPhase;
			buildActionMask = 2147483647;
			files = (
			);
			runOnlyForDeploymentPostprocessing = 0;
		};
/* End PBXFrameworksBuildPhase section */

/* Begin PBXGroup section */
		CB44BB35219E5A000087FD8E = {
			isa = PBXGroup;
			children = (
				CB44BB40219E5A000087FD8E /* AvenueCodeDemo01 */,
				CB44BB3F219E5A000087FD8E /* Products */,
			);
			sourceTree = "<group>";
		};
		CB44BB3F219E5A000087FD8E /* Products */ = {
			isa = PBXGroup;
			children = (
				CB44BB3E219E5A000087FD8E /* AvenueCodeDemo01.app */,
			);
			name = Products;
			sourceTree = "<group>";
		};
		CB44BB40219E5A000087FD8E /* AvenueCodeDemo01 */ = {
			isa = PBXGroup;
			children = (
				CB44BB41219E5A000087FD8E /* AppDelegate.swift */,
				CB44BB43219E5A000087FD8E /* art.scnassets */,
				CB44BB45219E5A000087FD8E /* ViewController.swift */,
				CB44BB55219E60810087FD8E /* ViewController+ARSCNViewDelegate.swift */,
				CB44BB57219E66140087FD8E /* FocusSquare.swift */,
				CB44BB47219E5A000087FD8E /* Main.storyboard */,
				CB44BB4A219E5A020087FD8E /* Assets.xcassets */,
				CB44BB4C219E5A020087FD8E /* LaunchScreen.storyboard */,
				CB44BB4F219E5A020087FD8E /* Info.plist */,
			);
			path = AvenueCodeDemo01;
			sourceTree = "<group>";
		};
/* End PBXGroup section */

/* Begin PBXNativeTarget section */
		CB44BB3D219E5A000087FD8E /* AvenueCodeDemo01 */ = {
			isa = PBXNativeTarget;
			buildConfigurationList = CB44BB52219E5A020087FD8E /* Build configuration list for PBXNativeTarget "AvenueCodeDemo01" */;
			buildPhases = (
				CB44BB3A219E5A000087FD8E /* Sources */,
				CB44BB3B219E5A000087FD8E /* Frameworks */,
				CB44BB3C219E5A000087FD8E /* Resources */,
			);
			buildRules = (
			);
			dependencies = (
			);
			name = AvenueCodeDemo01;
			productName = AvenueCodeDemo01;
			productReference = CB44BB3E219E5A000087FD8E /* AvenueCodeDemo01.app */;
			productType = "com.apple.product-type.application";
		};
/* End PBXNativeTarget section */

/* Begin PBXProject section */
		CB44BB36219E5A000087FD8E /* Project object */ = {
			isa = PBXProject;
			attributes = {
				LastSwiftUpdateCheck = 1000;
				LastUpgradeCheck = 1000;
				ORGANIZATIONNAME = QuantumIndustries;
				TargetAttributes = {
					CB44BB3D219E5A000087FD8E = {
						CreatedOnToolsVersion = 10.0;
					};
				};
			};
			buildConfigurationList = CB44BB39219E5A000087FD8E /* Build configuration list for PBXProject "AvenueCodeDemo01" */;
			compatibilityVersion = "Xcode 9.3";
			developmentRegion = en;
			hasScannedForEncodings = 0;
			knownRegions = (
				en,
				Base,
			);
			mainGroup = CB44BB35219E5A000087FD8E;
			productRefGroup = CB44BB3F219E5A000087FD8E /* Products */;
			projectDirPath = "";
			projectRoot = "";
			targets = (
				CB44BB3D219E5A000087FD8E /* AvenueCodeDemo01 */,
			);
		};
/* End PBXProject section */

/* Begin PBXResourcesBuildPhase section */
		CB44BB3C219E5A000087FD8E /* Resources */ = {
			isa = PBXResourcesBuildPhase;
			buildActionMask = 2147483647;
			files = (
				CB44BB44219E5A000087FD8E /* art.scnassets in Resources */,
				CB44BB4E219E5A020087FD8E /* LaunchScreen.storyboard in Resources */,
				CB44BB4B219E5A020087FD8E /* Assets.xcassets in Resources */,
				CB44BB49219E5A000087FD8E /* Main.storyboard in Resources */,
			);
			runOnlyForDeploymentPostprocessing = 0;
		};
/* End PBXResourcesBuildPhase section */

/* Begin PBXSourcesBuildPhase section */
		CB44BB3A219E5A000087FD8E /* Sources */ = {
			isa = PBXSourcesBuildPhase;
			buildActionMask = 2147483647;
			files = (
				CB44BB56219E60810087FD8E /* ViewController+ARSCNViewDelegate.swift in Sources */,
				CB44BB58219E66140087FD8E /* FocusSquare.swift in Sources */,
				CB44BB46219E5A000087FD8E /* ViewController.swift in Sources */,
				CB44BB42219E5A000087FD8E /* AppDelegate.swift in Sources */,
			);
			runOnlyForDeploymentPostprocessing = 0;
		};
/* End PBXSourcesBuildPhase section */

/* Begin PBXVariantGroup section */
		CB44BB47219E5A000087FD8E /* Main.storyboard */ = {
			isa = PBXVariantGroup;
			children = (
				CB44BB48219E5A000087FD8E /* Base */,
			);
			name = Main.storyboard;
			sourceTree = "<group>";
		};
		CB44BB4C219E5A020087FD8E /* LaunchScreen.storyboard */ = {
			isa = PBXVariantGroup;
			children = (
				CB44BB4D219E5A020087FD8E /* Base */,
			);
			name = LaunchScreen.storyboard;
			sourceTree = "<group>";
		};
/* End PBXVariantGroup section */

/* Begin XCBuildConfiguration section */
		CB44BB50219E5A020087FD8E /* Debug */ = {
			isa = XCBuildConfiguration;
			buildSettings = {
				ALWAYS_SEARCH_USER_PATHS = NO;
				CLANG_ANALYZER_NONNULL = YES;
				CLANG_ANALYZER_NUMBER_OBJECT_CONVERSION = YES_AGGRESSIVE;
				CLANG_CXX_LANGUAGE_STANDARD = "gnu++14";
				CLANG_CXX_LIBRARY = "libc++";
				CLANG_ENABLE_MODULES = YES;
				CLANG_ENABLE_OBJC_ARC = YES;
				CLANG_ENABLE_OBJC_WEAK = YES;
				CLANG_WARN_BLOCK_CAPTURE_AUTORELEASING = YES;
				CLANG_WARN_BOOL_CONVERSION = YES;
				CLANG_WARN_COMMA = YES;
				CLANG_WARN_CONSTANT_CONVERSION = YES;
				CLANG_WARN_DEPRECATED_OBJC_IMPLEMENTATIONS = YES;
				CLANG_WARN_DIRECT_OBJC_ISA_USAGE = YES_ERROR;
				CLANG_WARN_DOCUMENTATION_COMMENTS = YES;
				CLANG_WARN_EMPTY_BODY = YES;
				CLANG_WARN_ENUM_CONVERSION = YES;
				CLANG_WARN_INFINITE_RECURSION = YES;
				CLANG_WARN_INT_CONVERSION = YES;
				CLANG_WARN_NON_LITERAL_NULL_CONVERSION = YES;
				CLANG_WARN_OBJC_IMPLICIT_RETAIN_SELF = YES;
				CLANG_WARN_OBJC_LITERAL_CONVERSION = YES;
				CLANG_WARN_OBJC_ROOT_CLASS = YES_ERROR;
				CLANG_WARN_RANGE_LOOP_ANALYSIS = YES;
				CLANG_WARN_STRICT_PROTOTYPES = YES;
				CLANG_WARN_SUSPICIOUS_MOVE = YES;
				CLANG_WARN_UNGUARDED_AVAILABILITY = YES_AGGRESSIVE;
				CLANG_WARN_UNREACHABLE_CODE = YES;
				CLANG_WARN__DUPLICATE_METHOD_MATCH = YES;
				CODE_SIGN_IDENTITY = "iPhone Developer";
				COPY_PHASE_STRIP = NO;
				DEBUG_INFORMATION_FORMAT = dwarf;
				ENABLE_STRICT_OBJC_MSGSEND = YES;
				ENABLE_TESTABILITY = YES;
				GCC_C_LANGUAGE_STANDARD = gnu11;
				GCC_DYNAMIC_NO_PIC = NO;
				GCC_NO_COMMON_BLOCKS = YES;
				GCC_OPTIMIZATION_LEVEL = 0;
				GCC_PREPROCESSOR_DEFINITIONS = (
					"DEBUG=1",
					"$(inherited)",
				);
				GCC_WARN_64_TO_32_BIT_CONVERSION = YES;
				GCC_WARN_ABOUT_RETURN_TYPE = YES_ERROR;
				GCC_WARN_UNDECLARED_SELECTOR = YES;
				GCC_WARN_UNINITIALIZED_AUTOS = YES_AGGRESSIVE;
				GCC_WARN_UNUSED_FUNCTION = YES;
				GCC_WARN_UNUSED_VARIABLE = YES;
				IPHONEOS_DEPLOYMENT_TARGET = 12.0;
				MTL_ENABLE_DEBUG_INFO = INCLUDE_SOURCE;
				MTL_FAST_MATH = YES;
				ONLY_ACTIVE_ARCH = YES;
				SDKROOT = iphoneos;
				SWIFT_ACTIVE_COMPILATION_CONDITIONS = DEBUG;
				SWIFT_OPTIMIZATION_LEVEL = "-Onone";
			};
			name = Debug;
		};
		CB44BB51219E5A020087FD8E /* Release */ = {
			isa = XCBuildConfiguration;
			buildSettings = {
				ALWAYS_SEARCH_USER_PATHS = NO;
				CLANG_ANALYZER_NONNULL = YES;
				CLANG_ANALYZER_NUMBER_OBJECT_CONVERSION = YES_AGGRESSIVE;
				CLANG_CXX_LANGUAGE_STANDARD = "gnu++14";
				CLANG_CXX_LIBRARY = "libc++";
				CLANG_ENABLE_MODULES = YES;
				CLANG_ENABLE_OBJC_ARC = YES;
				CLANG_ENABLE_OBJC_WEAK = YES;
				CLANG_WARN_BLOCK_CAPTURE_AUTORELEASING = YES;
				CLANG_WARN_BOOL_CONVERSION = YES;
				CLANG_WARN_COMMA = YES;
				CLANG_WARN_CONSTANT_CONVERSION = YES;
				CLANG_WARN_DEPRECATED_OBJC_IMPLEMENTATIONS = YES;
				CLANG_WARN_DIRECT_OBJC_ISA_USAGE = YES_ERROR;
				CLANG_WARN_DOCUMENTATION_COMMENTS = YES;
				CLANG_WARN_EMPTY_BODY = YES;
				CLANG_WARN_ENUM_CONVERSION = YES;
				CLANG_WARN_INFINITE_RECURSION = YES;
				CLANG_WARN_INT_CONVERSION = YES;
				CLANG_WARN_NON_LITERAL_NULL_CONVERSION = YES;
				CLANG_WARN_OBJC_IMPLICIT_RETAIN_SELF = YES;
				CLANG_WARN_OBJC_LITERAL_CONVERSION = YES;
				CLANG_WARN_OBJC_ROOT_CLASS = YES_ERROR;
				CLANG_WARN_RANGE_LOOP_ANALYSIS = YES;
				CLANG_WARN_STRICT_PROTOTYPES = YES;
				CLANG_WARN_SUSPICIOUS_MOVE = YES;
				CLANG_WARN_UNGUARDED_AVAILABILITY = YES_AGGRESSIVE;
				CLANG_WARN_UNREACHABLE_CODE = YES;
				CLANG_WARN__DUPLICATE_METHOD_MATCH = YES;
				CODE_SIGN_IDENTITY = "iPhone Developer";
				COPY_PHASE_STRIP = NO;
				DEBUG_INFORMATION_FORMAT = "dwarf-with-dsym";
				ENABLE_NS_ASSERTIONS = NO;
				ENABLE_STRICT_OBJC_MSGSEND = YES;
				GCC_C_LANGUAGE_STANDARD = gnu11;
				GCC_NO_COMMON_BLOCKS = YES;
				GCC_WARN_64_TO_32_BIT_CONVERSION = YES;
				GCC_WARN_ABOUT_RETURN_TYPE = YES_ERROR;
				GCC_WARN_UNDECLARED_SELECTOR = YES;
				GCC_WARN_UNINITIALIZED_AUTOS = YES_AGGRESSIVE;
				GCC_WARN_UNUSED_FUNCTION = YES;
				GCC_WARN_UNUSED_VARIABLE = YES;
				IPHONEOS_DEPLOYMENT_TARGET = 12.0;
				MTL_ENABLE_DEBUG_INFO = NO;
				MTL_FAST_MATH = YES;
				SDKROOT = iphoneos;
				SWIFT_COMPILATION_MODE = wholemodule;
				SWIFT_OPTIMIZATION_LEVEL = "-O";
				VALIDATE_PRODUCT = YES;
			};
			name = Release;
		};
		CB44BB53219E5A020087FD8E /* Debug */ = {
			isa = XCBuildConfiguration;
			buildSettings = {
				ASSETCATALOG_COMPILER_APPICON_NAME = AppIcon;
				CODE_SIGN_STYLE = Automatic;
				DEVELOPMENT_TEAM = 3JJ9D977P6;
				INFOPLIST_FILE = AvenueCodeDemo01/Info.plist;
				IPHONEOS_DEPLOYMENT_TARGET = 11.0;
				LD_RUNPATH_SEARCH_PATHS = (
					"$(inherited)",
					"@executable_path/Frameworks",
				);
				PRODUCT_BUNDLE_IDENTIFIER = com.QuantumIndustries.AvenueCodeDemo01;
				PRODUCT_NAME = "$(TARGET_NAME)";
				SWIFT_VERSION = 4.2;
				TARGETED_DEVICE_FAMILY = "1,2";
			};
			name = Debug;
		};
		CB44BB54219E5A020087FD8E /* Release */ = {
			isa = XCBuildConfiguration;
			buildSettings = {
				ASSETCATALOG_COMPILER_APPICON_NAME = AppIcon;
				CODE_SIGN_STYLE = Automatic;
				DEVELOPMENT_TEAM = 3JJ9D977P6;
				INFOPLIST_FILE = AvenueCodeDemo01/Info.plist;
				IPHONEOS_DEPLOYMENT_TARGET = 11.0;
				LD_RUNPATH_SEARCH_PATHS = (
					"$(inherited)",
					"@executable_path/Frameworks",
				);
				PRODUCT_BUNDLE_IDENTIFIER = com.QuantumIndustries.AvenueCodeDemo01;
				PRODUCT_NAME = "$(TARGET_NAME)";
				SWIFT_VERSION = 4.2;
				TARGETED_DEVICE_FAMILY = "1,2";
			};
			name = Release;
		};
/* End XCBuildConfiguration section */

/* Begin XCConfigurationList section */
		CB44BB39219E5A000087FD8E /* Build configuration list for PBXProject "AvenueCodeDemo01" */ = {
			isa = XCConfigurationList;
			buildConfigurations = (
				CB44BB50219E5A020087FD8E /* Debug */,
				CB44BB51219E5A020087FD8E /* Release */,
			);
			defaultConfigurationIsVisible = 0;
			defaultConfigurationName = Release;
		};
		CB44BB52219E5A020087FD8E /* Build configuration list for PBXNativeTarget "AvenueCodeDemo01" */ = {
			isa = XCConfigurationList;
			buildConfigurations = (
				CB44BB53219E5A020087FD8E /* Debug */,
				CB44BB54219E5A020087FD8E /* Release */,
			);
			defaultConfigurationIsVisible = 0;
			defaultConfigurationName = Release;
		};
/* End XCConfigurationList section */
	};
	rootObject = CB44BB36219E5A000087FD8E /* Project object */;
}
